{
  "lockfileVersion": 1,
  "configVersion": 1,
  "workspaces": {
    "": {
      "name": "caiman",
      "dependencies": {
        "@strudel/core": "1.2.6",
        "@strudel/mini": "1.2.6",
      },
    },
  },
  "patchedDependencies": {
    "@kabelsalat/web@0.4.1": "patches/@kabelsalat%2Fweb@0.4.1.patch",
  },
  "packages": {
    "@kabelsalat/core": ["@kabelsalat/core@0.4.0", "", {}, "sha512-5zV8nh8HffW8aexObXs5pE0xgL0jb1cHc3o8UN6AvK0mBt87fjZvW65E4rMslHyq+OuCscoBJW7B3MbYfWrwMQ=="],

    "@kabelsalat/lib": ["@kabelsalat/lib@0.4.1", "", { "dependencies": { "@kabelsalat/core": "0.4.0" } }, "sha512-gBCjrZKD9huTKNJuBC6BXM4PMQSg8otL8A/vp8j98P9v6yWTX1TuyaqdLg/1PrIAMV4hlWoav9ZD3YMFlrvouw=="],

    "@kabelsalat/web": ["@kabelsalat/web@0.4.1", "", { "dependencies": { "@kabelsalat/core": "0.4.0", "@kabelsalat/lib": "0.4.1" } }, "sha512-ASkFhePJLx3GjadYOueI7sHKXBbRPk/a1pfslFeQNI9gU7yZq/KrnkmOmLrgrtixAsy7gyi1vWqkmRRvH3Ki6w=="],

    "@strudel/core": ["@strudel/core@1.2.6", "", { "dependencies": { "@kabelsalat/web": "^0.4.1", "fraction.js": "^5.2.1" } }, "sha512-FA5Kxv3U+UhNRLIeuEpXck2o2J5AjHZbkAdSAK9Q2N3Az1G9Vnc+bXXfgDFyY3yRH9mXXQvTerz8jr876pGGng=="],

    "@strudel/mini": ["@strudel/mini@1.2.6", "", { "dependencies": { "@strudel/core": "1.2.6" } }, "sha512-I5GFPLHI3TPcJuD2RdDcurA+lTogaSQ0TB+EimKTgEtSAbU6ZMEkSUOXZIFO5eaAcJcMucgKaBcmTKpD4oZjPA=="],

    "fraction.js": ["fraction.js@5.3.4", "", {}, "sha512-1X1NTtiJphryn/uLQz3whtY6jK3fTqoE3ohKs0tT+Ujr1W59oopxmoEh7Lu5p6vBaPbgoM0bzveAW4Qi5RyWDQ=="],
  }
}
