{
  "lockfileVersion": 1,
  "configVersion": 1,
  "workspaces": {
    "": {
      "name": "caiman",
      "dependencies": {
        "@strudel/core": "1.2.6",
        "@strudel/mini": "1.2.6",
        "@strudel/transpiler": "1.2.6",
      },
    },
  },
  "patchedDependencies": {
    "@kabelsalat/web@0.4.1": "patches/@kabelsalat%2Fweb@0.4.1.patch",
  },
  "packages": {
    "@kabelsalat/core": ["@kabelsalat/core@0.4.0", "", {}, "sha512-5zV8nh8HffW8aexObXs5pE0xgL0jb1cHc3o8UN6AvK0mBt87fjZvW65E4rMslHyq+OuCscoBJW7B3MbYfWrwMQ=="],

    "@kabelsalat/lib": ["@kabelsalat/lib@0.4.1", "", { "dependencies": { "@kabelsalat/core": "0.4.0" } }, "sha512-gBCjrZKD9huTKNJuBC6BXM4PMQSg8otL8A/vp8j98P9v6yWTX1TuyaqdLg/1PrIAMV4hlWoav9ZD3YMFlrvouw=="],

    "@kabelsalat/web": ["@kabelsalat/web@0.4.1", "", { "dependencies": { "@kabelsalat/core": "0.4.0", "@kabelsalat/lib": "0.4.1" } }, "sha512-ASkFhePJLx3GjadYOueI7sHKXBbRPk/a1pfslFeQNI9gU7yZq/KrnkmOmLrgrtixAsy7gyi1vWqkmRRvH3Ki6w=="],

    "@strudel/core": ["@strudel/core@1.2.6", "", { "dependencies": { "@kabelsalat/web": "^0.4.1", "fraction.js": "^5.2.1" } }, "sha512-FA5Kxv3U+UhNRLIeuEpXck2o2J5AjHZbkAdSAK9Q2N3Az1G9Vnc+bXXfgDFyY3yRH9mXXQvTerz8jr876pGGng=="],

    "@strudel/mini": ["@strudel/mini@1.2.6", "", { "dependencies": { "@strudel/core": "1.2.6" } }, "sha512-I5GFPLHI3TPcJuD2RdDcurA+lTogaSQ0TB+EimKTgEtSAbU6ZMEkSUOXZIFO5eaAcJcMucgKaBcmTKpD4oZjPA=="],

    "@strudel/transpiler": ["@strudel/transpiler@1.2.6", "", { "dependencies": { "@strudel/core": "1.2.6", "@strudel/mini": "1.2.6", "acorn": "^8.14.0", "escodegen": "^2.1.0", "estree-walker": "^3.0.3" } }, "sha512-NzmyQDS4BqjafOPzHGFowxILDx3ZRAPD47YszxNaPB7PggMA2rMo9t3rLz80G0GxA0ZAyMbVMR3px9jDWnJ5hg=="],

    "@types/estree": ["@types/estree@1.0.9", "", {}, "sha512-GhdPgy1el4/ImP05X05Uw4cw2/M93BCUmnEvWZNStlCzEKME4Fkk+YpoA5OiHNQmoS7Cafb8Xa3Pya8m1Qrzeg=="],

    "acorn": ["acorn@8.17.0", "", { "bin": { "acorn": "bin/acorn" } }, "sha512-xRQbDb9BnwDafYNn6Vwl839DYVjqXYb1XVGtWAZ1kcDc6iwAL4hg3B1dZlRiuENFeO2H53gFG3in621AdERVAg=="],

    "escodegen": ["escodegen@2.1.0", "", { "dependencies": { "esprima": "^4.0.1", "estraverse": "^5.2.0", "esutils": "^2.0.2" }, "optionalDependencies": { "source-map": "~0.6.1" }, "bin": { "esgenerate": "bin/esgenerate.js", "escodegen": "bin/escodegen.js" } }, "sha512-2NlIDTwUWJN0mRPQOdtQBzbUHvdGY2P1VXSyU83Q3xKxM7WHX2Ql8dKq782Q9TgQUNOLEzEYu9bzLNj1q88I5w=="],

    "esprima": ["esprima@4.0.1", "", { "bin": { "esparse": "./bin/esparse.js", "esvalidate": "./bin/esvalidate.js" } }, "sha512-eGuFFw7Upda+g4p+QHvnW0RyTX/SVeJBDM/gCtMARO0cLuT2HcEKnTPvhjV6aGeqrCB/sbNop0Kszm0jsaWU4A=="],

    "estraverse": ["estraverse@5.3.0", "", {}, "sha512-MMdARuVEQziNTeJD8DgMqmhwR11BRQ/cBP+pLtYdSTnf3MIO8fFeiINEbX36ZdNlfU/7A9f3gUw49B3oQsvwBA=="],

    "estree-walker": ["estree-walker@3.0.3", "", { "dependencies": { "@types/estree": "^1.0.0" } }, "sha512-7RUKfXgSMMkzt6ZuXmqapOurLGPPfgj6l9uRZ7lRGolvk0y2yocc35LdcxKC5PQZdn2DMqioAQ2NoWcrTKmm6g=="],

    "esutils": ["esutils@2.0.3", "", {}, "sha512-kVscqXk4OCp68SZ0dkgEKVi6/8ij300KBWTJq32P/dYeWTSwK41WyTxalN1eRmA5Z9UU/LX9D7FWSmV9SAYx6g=="],

    "fraction.js": ["fraction.js@5.3.4", "", {}, "sha512-1X1NTtiJphryn/uLQz3whtY6jK3fTqoE3ohKs0tT+Ujr1W59oopxmoEh7Lu5p6vBaPbgoM0bzveAW4Qi5RyWDQ=="],

    "source-map": ["source-map@0.6.1", "", {}, "sha512-UjgapumWlbMhkBgzT7Ykc5YXUT46F0iKu8SGXq0bcwP5dz/h0Plj6enJqjz1Zbq2l5WaqYnrVbwWOWMyF3F47g=="],
  }
}
